
Microsoft Visual Studio Solution File, Format Version 12.00
# Visual Studio Version 17
VisualStudioVersion = 17.5.33627.172
MinimumVisualStudioVersion = 10.0.40219.1
Project("{9A19103F-16F7-4668-BE54-9A1E7A4F7556}") = "serverPontaj", "serverPontaj.csproj", "{6DF42291-E464-4218-9436-55DA41B54219}"
EndProject
Project("{2150E333-8FDC-42A3-9474-1A3956D46DE8}") = "1.0.Service", "1.0.Service", "{BCA6FA68-5549-4C41-9596-D9C494B82471}"
EndProject
Project("{9A19103F-16F7-4668-BE54-9A1E7A4F7556}") = "Services", "..\Services\Services.csproj", "{8A7F39CE-46F7-4D91-A88A-E8E1A21459AA}"
EndProject
Project("{2150E333-8FDC-42A3-9474-1A3956D46DE8}") = "1.1.Data", "1.1.Data", "{EFF35142-ADF8-414B-89D5-106BFBBF1F41}"
EndProject
Project("{9A19103F-16F7-4668-BE54-9A1E7A4F7556}") = "DataAccess", "..\DataAccess\DataAccess.csproj", "{47B3F45D-9500-4686-8DF7-073E1F418456}"
EndProject
Global
	GlobalSection(SolutionConfigurationPlatforms) = preSolution
		Debug|Any CPU = Debug|Any CPU
		Release|Any CPU = Release|Any CPU
	EndGlobalSection
	GlobalSection(ProjectConfigurationPlatforms) = postSolution
		{6DF42291-E464-4218-9436-55DA41B54219}.Debug|Any CPU.ActiveCfg = Debug|Any CPU
		{6DF42291-E464-4218-9436-55DA41B54219}.Debug|Any CPU.Build.0 = Debug|Any CPU
		{6DF42291-E464-4218-9436-55DA41B54219}.Release|Any CPU.ActiveCfg = Release|Any CPU
		{6DF42291-E464-4218-9436-55DA41B54219}.Release|Any CPU.Build.0 = Release|Any CPU
		{8A7F39CE-46F7-4D91-A88A-E8E1A21459AA}.Debug|Any CPU.ActiveCfg = Debug|Any CPU
		{8A7F39CE-46F7-4D91-A88A-E8E1A21459AA}.Debug|Any CPU.Build.0 = Debug|Any CPU
		{8A7F39CE-46F7-4D91-A88A-E8E1A21459AA}.Release|Any CPU.ActiveCfg = Release|Any CPU
		{8A7F39CE-46F7-4D91-A88A-E8E1A21459AA}.Release|Any CPU.Build.0 = Release|Any CPU
		{47B3F45D-9500-4686-8DF7-073E1F418456}.Debug|Any CPU.ActiveCfg = Debug|Any CPU
		{47B3F45D-9500-4686-8DF7-073E1F418456}.Debug|Any CPU.Build.0 = Debug|Any CPU
		{47B3F45D-9500-4686-8DF7-073E1F418456}.Release|Any CPU.ActiveCfg = Release|Any CPU
		{47B3F45D-9500-4686-8DF7-073E1F418456}.Release|Any CPU.Build.0 = Release|Any CPU
	EndGlobalSection
	GlobalSection(SolutionProperties) = preSolution
		HideSolutionNode = FALSE
	EndGlobalSection
	GlobalSection(NestedProjects) = preSolution
		{8A7F39CE-46F7-4D91-A88A-E8E1A21459AA} = {BCA6FA68-5549-4C41-9596-D9C494B82471}
		{47B3F45D-9500-4686-8DF7-073E1F418456} = {EFF35142-ADF8-414B-89D5-106BFBBF1F41}
	EndGlobalSection
	GlobalSection(ExtensibilityGlobals) = postSolution
		SolutionGuid = {5F95C49F-FD66-4A41-BF60-071CB4AD33B2}
	EndGlobalSection
EndGlobal
